
Microsoft Visual Studio Solution File, Format Version 12.00
# Visual Studio 15
VisualStudioVersion = 15.0.28010.0
MinimumVisualStudioVersion = 10.0.40219.1
Project("{FAE04EC0-301F-11D3-BF4B-00C04F79EFBC}") = "ConsoleApp_scales_of_notation", "ConsoleApp_scales_of_notation\ConsoleApp_scales_of_notation.csproj", "{3CEB7593-4C2C-4107-A6FB-52C1F197F7E4}"
EndProject
Global
	GlobalSection(SolutionConfigurationPlatforms) = preSolution
		Debug|Any CPU = Debug|Any CPU
		Release|Any CPU = Release|Any CPU
	EndGlobalSection
	GlobalSection(ProjectConfigurationPlatforms) = postSolution
		{3CEB7593-4C2C-4107-A6FB-52C1F197F7E4}.Debug|Any CPU.ActiveCfg = Debug|Any CPU
		{3CEB7593-4C2C-4107-A6FB-52C1F197F7E4}.Debug|Any CPU.Build.0 = Debug|Any CPU
		{3CEB7593-4C2C-4107-A6FB-52C1F197F7E4}.Release|Any CPU.ActiveCfg = Release|Any CPU
		{3CEB7593-4C2C-4107-A6FB-52C1F197F7E4}.Release|Any CPU.Build.0 = Release|Any CPU
	EndGlobalSection
	GlobalSection(SolutionProperties) = preSolution
		HideSolutionNode = FALSE
	EndGlobalSection
	GlobalSection(ExtensibilityGlobals) = postSolution
		SolutionGuid = {1C48BB4B-052A-44AA-A0CA-8466067A7B2C}
	EndGlobalSection
EndGlobal
